// !$*UTF8*$!
{
	archiveVersion = 1;
	classes = {
	};
	objectVersion = 46;
	objects = {

/* Begin PBXBuildFile section */
		621B76A31336423000FF96B6 /* NeighborsServerTest.m in Sources */ = {isa = PBXBuildFile; fileRef = 621B76A01336422900FF96B6 /* NeighborsServerTest.m */; };
		624A64811336512B00F61C85 /* MapViewController.m in Sources */ = {isa = PBXBuildFile; fileRef = 624A647F1336512A00F61C85 /* MapViewController.m */; };
		624A64841336530B00F61C85 /* MapView.xib in Resources */ = {isa = PBXBuildFile; fileRef = 624A64831336530B00F61C85 /* MapView.xib */; };
		624A64911336636400F61C85 /* MemoryManagementTest.m in Sources */ = {isa = PBXBuildFile; fileRef = 624A648F1336622900F61C85 /* MemoryManagementTest.m */; };
		629401231336699D00DBA6ED /* TestObject.m in Sources */ = {isa = PBXBuildFile; fileRef = 629401221336699C00DBA6ED /* TestObject.m */; };
		62AE7E731336144F0026272B /* UIKit.framework in Frameworks */ = {isa = PBXBuildFile; fileRef = 62AE7E721336144F0026272B /* UIKit.framework */; };
		62AE7E751336144F0026272B /* Foundation.framework in Frameworks */ = {isa = PBXBuildFile; fileRef = 62AE7E741336144F0026272B /* Foundation.framework */; };
		62AE7E771336144F0026272B /* CoreGraphics.framework in Frameworks */ = {isa = PBXBuildFile; fileRef = 62AE7E761336144F0026272B /* CoreGraphics.framework */; };
		62AE7E991336144F0026272B /* UIKit.framework in Frameworks */ = {isa = PBXBuildFile; fileRef = 62AE7E721336144F0026272B /* UIKit.framework */; };
		62AE7E9A1336144F0026272B /* Foundation.framework in Frameworks */ = {isa = PBXBuildFile; fileRef = 62AE7E741336144F0026272B /* Foundation.framework */; };
		62AE7E9B1336144F0026272B /* CoreGraphics.framework in Frameworks */ = {isa = PBXBuildFile; fileRef = 62AE7E761336144F0026272B /* CoreGraphics.framework */; };
		62AE7EA31336144F0026272B /* InfoPlist.strings in Resources */ = {isa = PBXBuildFile; fileRef = 62AE7EA11336144F0026272B /* InfoPlist.strings */; };
		62AE7EC61336150E0026272B /* NeighborsAppDelegate.m in Sources */ = {isa = PBXBuildFile; fileRef = 62AE7EB31336150E0026272B /* NeighborsAppDelegate.m */; };
		62AE7EC71336150E0026272B /* PeopleViewController.m in Sources */ = {isa = PBXBuildFile; fileRef = 62AE7EB61336150E0026272B /* PeopleViewController.m */; };
		62AE7EC81336150E0026272B /* EventsViewController.m in Sources */ = {isa = PBXBuildFile; fileRef = 62AE7EB81336150E0026272B /* EventsViewController.m */; };
		62AE7EC91336150E0026272B /* main.m in Sources */ = {isa = PBXBuildFile; fileRef = 62AE7EBA1336150E0026272B /* main.m */; };
		62AE7ECB1336150E0026272B /* InfoPlist.strings in Resources */ = {isa = PBXBuildFile; fileRef = 62AE7EC01336150E0026272B /* InfoPlist.strings */; };
		62AE7ECC1336150E0026272B /* PeopleView.xib in Resources */ = {isa = PBXBuildFile; fileRef = 62AE7EC31336150E0026272B /* PeopleView.xib */; };
		62AE7ECD1336150E0026272B /* MainWindow.xib in Resources */ = {isa = PBXBuildFile; fileRef = 62AE7EC41336150E0026272B /* MainWindow.xib */; };
		62AE7ECE1336150E0026272B /* EventsView.xib in Resources */ = {isa = PBXBuildFile; fileRef = 62AE7EC51336150E0026272B /* EventsView.xib */; };
		62C498D5133634D3004C6EAF /* Person.m in Sources */ = {isa = PBXBuildFile; fileRef = 62C498D4133634D3004C6EAF /* Person.m */; };
		62C498DB13363824004C6EAF /* PersonTest.m in Sources */ = {isa = PBXBuildFile; fileRef = 62C498D913363628004C6EAF /* PersonTest.m */; };
		62C498DE13363A39004C6EAF /* NeighborsServer.m in Sources */ = {isa = PBXBuildFile; fileRef = 62C498DD13363A39004C6EAF /* NeighborsServer.m */; };
/* End PBXBuildFile section */

/* Begin PBXContainerItemProxy section */
		62AE7E9C1336144F0026272B /* PBXContainerItemProxy */ = {
			isa = PBXContainerItemProxy;
			containerPortal = 62AE7E651336144E0026272B /* Project object */;
			proxyType = 1;
			remoteGlobalIDString = 62AE7E6D1336144F0026272B;
			remoteInfo = "Neighbors-iOS";
		};
/* End PBXContainerItemProxy section */

/* Begin PBXFileReference section */
		621B769F1336422900FF96B6 /* NeighborsServerTest.h */ = {isa = PBXFileReference; fileEncoding = 4; lastKnownFileType = sourcecode.c.h; path = NeighborsServerTest.h; sourceTree = "<group>"; };
		621B76A01336422900FF96B6 /* NeighborsServerTest.m */ = {isa = PBXFileReference; fileEncoding = 4; lastKnownFileType = sourcecode.c.objc; path = NeighborsServerTest.m; sourceTree = "<group>"; };
		624A647E1336512A00F61C85 /* MapViewController.h */ = {isa = PBXFileReference; fileEncoding = 4; lastKnownFileType = sourcecode.c.h; path = MapViewController.h; sourceTree = "<group>"; };
		624A647F1336512A00F61C85 /* MapViewController.m */ = {isa = PBXFileReference; fileEncoding = 4; lastKnownFileType = sourcecode.c.objc; path = MapViewController.m; sourceTree = "<group>"; };
		624A64831336530B00F61C85 /* MapView.xib */ = {isa = PBXFileReference; fileEncoding = 4; lastKnownFileType = file.xib; path = MapView.xib; sourceTree = "<group>"; };
		624A648E1336622900F61C85 /* MemoryManagementTest.h */ = {isa = PBXFileReference; fileEncoding = 4; lastKnownFileType = sourcecode.c.h; name = MemoryManagementTest.h; path = Learning/MemoryManagementTest.h; sourceTree = "<group>"; };
		624A648F1336622900F61C85 /* MemoryManagementTest.m */ = {isa = PBXFileReference; fileEncoding = 4; lastKnownFileType = sourcecode.c.objc; name = MemoryManagementTest.m; path = Learning/MemoryManagementTest.m; sourceTree = "<group>"; };
		629401211336699C00DBA6ED /* TestObject.h */ = {isa = PBXFileReference; fileEncoding = 4; lastKnownFileType = sourcecode.c.h; name = TestObject.h; path = Learning/TestObject.h; sourceTree = "<group>"; };
		629401221336699C00DBA6ED /* TestObject.m */ = {isa = PBXFileReference; fileEncoding = 4; lastKnownFileType = sourcecode.c.objc; name = TestObject.m; path = Learning/TestObject.m; sourceTree = "<group>"; };
		62AE7E6E1336144F0026272B /* Neighbors-iOS.app */ = {isa = PBXFileReference; explicitFileType = wrapper.application; includeInIndex = 0; path = "Neighbors-iOS.app"; sourceTree = BUILT_PRODUCTS_DIR; };
		62AE7E721336144F0026272B /* UIKit.framework */ = {isa = PBXFileReference; lastKnownFileType = wrapper.framework; name = UIKit.framework; path = System/Library/Frameworks/UIKit.framework; sourceTree = SDKROOT; };
		62AE7E741336144F0026272B /* Foundation.framework */ = {isa = PBXFileReference; lastKnownFileType = wrapper.framework; name = Foundation.framework; path = System/Library/Frameworks/Foundation.framework; sourceTree = SDKROOT; };
		62AE7E761336144F0026272B /* CoreGraphics.framework */ = {isa = PBXFileReference; lastKnownFileType = wrapper.framework; name = CoreGraphics.framework; path = System/Library/Frameworks/CoreGraphics.framework; sourceTree = SDKROOT; };
		62AE7E981336144F0026272B /* Neighbors-iOSTests.octest */ = {isa = PBXFileReference; explicitFileType = wrapper.cfbundle; includeInIndex = 0; path = "Neighbors-iOSTests.octest"; sourceTree = BUILT_PRODUCTS_DIR; };
		62AE7EA01336144F0026272B /* Neighbors-iOSTests-Info.plist */ = {isa = PBXFileReference; lastKnownFileType = text.plist.xml; path = "Neighbors-iOSTests-Info.plist"; sourceTree = "<group>"; };
		62AE7EA21336144F0026272B /* en */ = {isa = PBXFileReference; lastKnownFileType = text.plist.strings; name = en; path = en.lproj/InfoPlist.strings; sourceTree = "<group>"; };
		62AE7EA41336144F0026272B /* Neighbors-iOSTests-Prefix.pch */ = {isa = PBXFileReference; lastKnownFileType = sourcecode.c.h; path = "Neighbors-iOSTests-Prefix.pch"; sourceTree = "<group>"; };
		62AE7EB21336150E0026272B /* NeighborsAppDelegate.h */ = {isa = PBXFileReference; fileEncoding = 4; lastKnownFileType = sourcecode.c.h; path = NeighborsAppDelegate.h; sourceTree = "<group>"; };
		62AE7EB31336150E0026272B /* NeighborsAppDelegate.m */ = {isa = PBXFileReference; fileEncoding = 4; lastKnownFileType = sourcecode.c.objc; path = NeighborsAppDelegate.m; sourceTree = "<group>"; };
		62AE7EB51336150E0026272B /* PeopleViewController.h */ = {isa = PBXFileReference; fileEncoding = 4; lastKnownFileType = sourcecode.c.h; path = PeopleViewController.h; sourceTree = "<group>"; };
		62AE7EB61336150E0026272B /* PeopleViewController.m */ = {isa = PBXFileReference; fileEncoding = 4; lastKnownFileType = sourcecode.c.objc; path = PeopleViewController.m; sourceTree = "<group>"; };
		62AE7EB71336150E0026272B /* EventsViewController.h */ = {isa = PBXFileReference; fileEncoding = 4; lastKnownFileType = sourcecode.c.h; path = EventsViewController.h; sourceTree = "<group>"; };
		62AE7EB81336150E0026272B /* EventsViewController.m */ = {isa = PBXFileReference; fileEncoding = 4; lastKnownFileType = sourcecode.c.objc; path = EventsViewController.m; sourceTree = "<group>"; };
		62AE7EBA1336150E0026272B /* main.m */ = {isa = PBXFileReference; fileEncoding = 4; lastKnownFileType = sourcecode.c.objc; path = main.m; sourceTree = "<group>"; };
		62AE7EBC1336150E0026272B /* Neighbors-iOS-Info.plist */ = {isa = PBXFileReference; fileEncoding = 4; lastKnownFileType = text.plist.xml; path = "Neighbors-iOS-Info.plist"; sourceTree = "<group>"; };
		62AE7EBD1336150E0026272B /* Neighbors-iOS-Prefix.pch */ = {isa = PBXFileReference; fileEncoding = 4; lastKnownFileType = sourcecode.c.h; path = "Neighbors-iOS-Prefix.pch"; sourceTree = "<group>"; };
		62AE7EC11336150E0026272B /* en */ = {isa = PBXFileReference; lastKnownFileType = text.plist.strings; name = en; path = en.lproj/InfoPlist.strings; sourceTree = "<group>"; };
		62AE7EC31336150E0026272B /* PeopleView.xib */ = {isa = PBXFileReference; fileEncoding = 4; lastKnownFileType = file.xib; path = PeopleView.xib; sourceTree = "<group>"; };
		62AE7EC41336150E0026272B /* MainWindow.xib */ = {isa = PBXFileReference; fileEncoding = 4; lastKnownFileType = file.xib; path = MainWindow.xib; sourceTree = "<group>"; };
		62AE7EC51336150E0026272B /* EventsView.xib */ = {isa = PBXFileReference; fileEncoding = 4; lastKnownFileType = file.xib; path = EventsView.xib; sourceTree = "<group>"; };
		62C498D3133634D3004C6EAF /* Person.h */ = {isa = PBXFileReference; fileEncoding = 4; lastKnownFileType = sourcecode.c.h; path = Person.h; sourceTree = "<group>"; };
		62C498D4133634D3004C6EAF /* Person.m */ = {isa = PBXFileReference; fileEncoding = 4; lastKnownFileType = sourcecode.c.objc; path = Person.m; sourceTree = "<group>"; };
		62C498D813363628004C6EAF /* PersonTest.h */ = {isa = PBXFileReference; fileEncoding = 4; lastKnownFileType = sourcecode.c.h; name = PersonTest.h; path = Models/PersonTest.h; sourceTree = "<group>"; };
		62C498D913363628004C6EAF /* PersonTest.m */ = {isa = PBXFileReference; fileEncoding = 4; lastKnownFileType = sourcecode.c.objc; name = PersonTest.m; path = Models/PersonTest.m; sourceTree = "<group>"; };
		62C498DC13363A39004C6EAF /* NeighborsServer.h */ = {isa = PBXFileReference; fileEncoding = 4; lastKnownFileType = sourcecode.c.h; path = NeighborsServer.h; sourceTree = "<group>"; };
		62C498DD13363A39004C6EAF /* NeighborsServer.m */ = {isa = PBXFileReference; fileEncoding = 4; lastKnownFileType = sourcecode.c.objc; path = NeighborsServer.m; sourceTree = "<group>"; };
/* End PBXFileReference section */

/* Begin PBXFrameworksBuildPhase section */
		62AE7E6B1336144F0026272B /* Frameworks */ = {
			isa = PBXFrameworksBuildPhase;
			buildActionMask = 2147483647;
			files = (
				62AE7E731336144F0026272B /* UIKit.framework in Frameworks */,
				62AE7E751336144F0026272B /* Foundation.framework in Frameworks */,
				62AE7E771336144F0026272B /* CoreGraphics.framework in Frameworks */,
			);
			runOnlyForDeploymentPostprocessing = 0;
		};
		62AE7E941336144F0026272B /* Frameworks */ = {
			isa = PBXFrameworksBuildPhase;
			buildActionMask = 2147483647;
			files = (
				62AE7E991336144F0026272B /* UIKit.framework in Frameworks */,
				62AE7E9A1336144F0026272B /* Foundation.framework in Frameworks */,
				62AE7E9B1336144F0026272B /* CoreGraphics.framework in Frameworks */,
			);
			runOnlyForDeploymentPostprocessing = 0;
		};
/* End PBXFrameworksBuildPhase section */

/* Begin PBXGroup section */
		624A648D1336620500F61C85 /* Learning */ = {
			isa = PBXGroup;
			children = (
				624A648E1336622900F61C85 /* MemoryManagementTest.h */,
				624A648F1336622900F61C85 /* MemoryManagementTest.m */,
				629401211336699C00DBA6ED /* TestObject.h */,
				629401221336699C00DBA6ED /* TestObject.m */,
			);
			name = Learning;
			sourceTree = "<group>";
		};
		62AE7E631336144E0026272B = {
			isa = PBXGroup;
			children = (
				62AE7E781336144F0026272B /* Neighbors-iOS */,
				62AE7E9E1336144F0026272B /* Neighbors-iOSTests */,
				62AE7E711336144F0026272B /* Frameworks */,
				62AE7E6F1336144F0026272B /* Products */,
			);
			sourceTree = "<group>";
		};
		62AE7E6F1336144F0026272B /* Products */ = {
			isa = PBXGroup;
			children = (
				62AE7E6E1336144F0026272B /* Neighbors-iOS.app */,
				62AE7E981336144F0026272B /* Neighbors-iOSTests.octest */,
			);
			name = Products;
			sourceTree = "<group>";
		};
		62AE7E711336144F0026272B /* Frameworks */ = {
			isa = PBXGroup;
			children = (
				62AE7E721336144F0026272B /* UIKit.framework */,
				62AE7E741336144F0026272B /* Foundation.framework */,
				62AE7E761336144F0026272B /* CoreGraphics.framework */,
			);
			name = Frameworks;
			sourceTree = "<group>";
		};
		62AE7E781336144F0026272B /* Neighbors-iOS */ = {
			isa = PBXGroup;
			children = (
				62AE7EB11336150E0026272B /* AppDelegate */,
				62AE7EB41336150E0026272B /* Controllers */,
				62AE7EB91336150E0026272B /* Helpers */,
				62AE7EBB1336150E0026272B /* Models */,
				62AE7EBE1336150E0026272B /* Resources */,
				62AE7EC21336150E0026272B /* Views */,
				62AE7EBA1336150E0026272B /* main.m */,
				62AE7EBD1336150E0026272B /* Neighbors-iOS-Prefix.pch */,
				62AE7EBC1336150E0026272B /* Neighbors-iOS-Info.plist */,
			);
			path = "Neighbors-iOS";
			sourceTree = "<group>";
		};
		62AE7E9E1336144F0026272B /* Neighbors-iOSTests */ = {
			isa = PBXGroup;
			children = (
				624A648D1336620500F61C85 /* Learning */,
				62C498D7133635F8004C6EAF /* Models */,
				62AE7E9F1336144F0026272B /* Supporting Files */,
			);
			path = "Neighbors-iOSTests";
			sourceTree = "<group>";
		};
		62AE7E9F1336144F0026272B /* Supporting Files */ = {
			isa = PBXGroup;
			children = (
				62AE7EA01336144F0026272B /* Neighbors-iOSTests-Info.plist */,
				62AE7EA11336144F0026272B /* InfoPlist.strings */,
				62AE7EA41336144F0026272B /* Neighbors-iOSTests-Prefix.pch */,
			);
			name = "Supporting Files";
			sourceTree = "<group>";
		};
		62AE7EB11336150E0026272B /* AppDelegate */ = {
			isa = PBXGroup;
			children = (
				62AE7EB21336150E0026272B /* NeighborsAppDelegate.h */,
				62AE7EB31336150E0026272B /* NeighborsAppDelegate.m */,
			);
			path = AppDelegate;
			sourceTree = "<group>";
		};
		62AE7EB41336150E0026272B /* Controllers */ = {
			isa = PBXGroup;
			children = (
				62AE7EB51336150E0026272B /* PeopleViewController.h */,
				62AE7EB61336150E0026272B /* PeopleViewController.m */,
				62AE7EB71336150E0026272B /* EventsViewController.h */,
				62AE7EB81336150E0026272B /* EventsViewController.m */,
				624A647E1336512A00F61C85 /* MapViewController.h */,
				624A647F1336512A00F61C85 /* MapViewController.m */,
			);
			path = Controllers;
			sourceTree = "<group>";
		};
		62AE7EB91336150E0026272B /* Helpers */ = {
			isa = PBXGroup;
			children = (
			);
			path = Helpers;
			sourceTree = "<group>";
		};
		62AE7EBB1336150E0026272B /* Models */ = {
			isa = PBXGroup;
			children = (
				62C498D3133634D3004C6EAF /* Person.h */,
				62C498D4133634D3004C6EAF /* Person.m */,
				62C498DC13363A39004C6EAF /* NeighborsServer.h */,
				62C498DD13363A39004C6EAF /* NeighborsServer.m */,
			);
			path = Models;
			sourceTree = "<group>";
		};
		62AE7EBE1336150E0026272B /* Resources */ = {
			isa = PBXGroup;
			children = (
				62AE7EBF1336150E0026272B /* Strings */,
			);
			path = Resources;
			sourceTree = "<group>";
		};
		62AE7EBF1336150E0026272B /* Strings */ = {
			isa = PBXGroup;
			children = (
				62AE7EC01336150E0026272B /* InfoPlist.strings */,
			);
			path = Strings;
			sourceTree = "<group>";
		};
		62AE7EC21336150E0026272B /* Views */ = {
			isa = PBXGroup;
			children = (
				624A64831336530B00F61C85 /* MapView.xib */,
				62AE7EC41336150E0026272B /* MainWindow.xib */,
				62AE7EC31336150E0026272B /* PeopleView.xib */,
				62AE7EC51336150E0026272B /* EventsView.xib */,
			);
			path = Views;
			sourceTree = "<group>";
		};
		62C498D7133635F8004C6EAF /* Models */ = {
			isa = PBXGroup;
			children = (
				62C498D813363628004C6EAF /* PersonTest.h */,
				62C498D913363628004C6EAF /* PersonTest.m */,
				621B769F1336422900FF96B6 /* NeighborsServerTest.h */,
				621B76A01336422900FF96B6 /* NeighborsServerTest.m */,
			);
			name = Models;
			sourceTree = "<group>";
		};
/* End PBXGroup section */

/* Begin PBXNativeTarget section */
		62AE7E6D1336144F0026272B /* Neighbors-iOS */ = {
			isa = PBXNativeTarget;
			buildConfigurationList = 62AE7EAB1336144F0026272B /* Build configuration list for PBXNativeTarget "Neighbors-iOS" */;
			buildPhases = (
				62AE7E6A1336144F0026272B /* Sources */,
				62AE7E6B1336144F0026272B /* Frameworks */,
				62AE7E6C1336144F0026272B /* Resources */,
			);
			buildRules = (
			);
			dependencies = (
			);
			name = "Neighbors-iOS";
			productName = "Neighbors-iOS";
			productReference = 62AE7E6E1336144F0026272B /* Neighbors-iOS.app */;
			productType = "com.apple.product-type.application";
		};
		62AE7E971336144F0026272B /* Neighbors-iOSTests */ = {
			isa = PBXNativeTarget;
			buildConfigurationList = 62AE7EAE1336144F0026272B /* Build configuration list for PBXNativeTarget "Neighbors-iOSTests" */;
			buildPhases = (
				62AE7E931336144F0026272B /* Sources */,
				62AE7E941336144F0026272B /* Frameworks */,
				62AE7E951336144F0026272B /* Resources */,
				62AE7E961336144F0026272B /* ShellScript */,
			);
			buildRules = (
			);
			dependencies = (
				62AE7E9D1336144F0026272B /* PBXTargetDependency */,
			);
			name = "Neighbors-iOSTests";
			productName = "Neighbors-iOSTests";
			productReference = 62AE7E981336144F0026272B /* Neighbors-iOSTests.octest */;
			productType = "com.apple.product-type.bundle";
		};
/* End PBXNativeTarget section */

/* Begin PBXProject section */
		62AE7E651336144E0026272B /* Project object */ = {
			isa = PBXProject;
			buildConfigurationList = 62AE7E681336144E0026272B /* Build configuration list for PBXProject "Neighbors-iOS" */;
			compatibilityVersion = "Xcode 3.2";
			developmentRegion = English;
			hasScannedForEncodings = 0;
			knownRegions = (
				en,
			);
			mainGroup = 62AE7E631336144E0026272B;
			productRefGroup = 62AE7E6F1336144F0026272B /* Products */;
			projectDirPath = "";
			projectRoot = "";
			targets = (
				62AE7E6D1336144F0026272B /* Neighbors-iOS */,
				62AE7E971336144F0026272B /* Neighbors-iOSTests */,
			);
		};
/* End PBXProject section */

/* Begin PBXResourcesBuildPhase section */
		62AE7E6C1336144F0026272B /* Resources */ = {
			isa = PBXResourcesBuildPhase;
			buildActionMask = 2147483647;
			files = (
				62AE7ECB1336150E0026272B /* InfoPlist.strings in Resources */,
				62AE7ECC1336150E0026272B /* PeopleView.xib in Resources */,
				62AE7ECD1336150E0026272B /* MainWindow.xib in Resources */,
				62AE7ECE1336150E0026272B /* EventsView.xib in Resources */,
				624A64841336530B00F61C85 /* MapView.xib in Resources */,
			);
			runOnlyForDeploymentPostprocessing = 0;
		};
		62AE7E951336144F0026272B /* Resources */ = {
			isa = PBXResourcesBuildPhase;
			buildActionMask = 2147483647;
			files = (
				62AE7EA31336144F0026272B /* InfoPlist.strings in Resources */,
			);
			runOnlyForDeploymentPostprocessing = 0;
		};
/* End PBXResourcesBuildPhase section */

/* Begin PBXShellScriptBuildPhase section */
		62AE7E961336144F0026272B /* ShellScript */ = {
			isa = PBXShellScriptBuildPhase;
			buildActionMask = 2147483647;
			files = (
			);
			inputPaths = (
			);
			outputPaths = (
			);
			runOnlyForDeploymentPostprocessing = 0;
			shellPath = /bin/sh;
			shellScript = "# Run the unit tests in this test bundle.\n\"${SYSTEM_DEVELOPER_DIR}/Tools/RunUnitTests\"\n";
		};
/* End PBXShellScriptBuildPhase section */

/* Begin PBXSourcesBuildPhase section */
		62AE7E6A1336144F0026272B /* Sources */ = {
			isa = PBXSourcesBuildPhase;
			buildActionMask = 2147483647;
			files = (
				62AE7EC61336150E0026272B /* NeighborsAppDelegate.m in Sources */,
				62AE7EC71336150E0026272B /* PeopleViewController.m in Sources */,
				62AE7EC81336150E0026272B /* EventsViewController.m in Sources */,
				62AE7EC91336150E0026272B /* main.m in Sources */,
				62C498D5133634D3004C6EAF /* Person.m in Sources */,
				62C498DE13363A39004C6EAF /* NeighborsServer.m in Sources */,
				624A64811336512B00F61C85 /* MapViewController.m in Sources */,
				629401231336699D00DBA6ED /* TestObject.m in Sources */,
			);
			runOnlyForDeploymentPostprocessing = 0;
		};
		62AE7E931336144F0026272B /* Sources */ = {
			isa = PBXSourcesBuildPhase;
			buildActionMask = 2147483647;
			files = (
				62C498DB13363824004C6EAF /* PersonTest.m in Sources */,
				621B76A31336423000FF96B6 /* NeighborsServerTest.m in Sources */,
				624A64911336636400F61C85 /* MemoryManagementTest.m in Sources */,
			);
			runOnlyForDeploymentPostprocessing = 0;
		};
/* End PBXSourcesBuildPhase section */

/* Begin PBXTargetDependency section */
		62AE7E9D1336144F0026272B /* PBXTargetDependency */ = {
			isa = PBXTargetDependency;
			target = 62AE7E6D1336144F0026272B /* Neighbors-iOS */;
			targetProxy = 62AE7E9C1336144F0026272B /* PBXContainerItemProxy */;
		};
/* End PBXTargetDependency section */

/* Begin PBXVariantGroup section */
		62AE7EA11336144F0026272B /* InfoPlist.strings */ = {
			isa = PBXVariantGroup;
			children = (
				62AE7EA21336144F0026272B /* en */,
			);
			name = InfoPlist.strings;
			sourceTree = "<group>";
		};
		62AE7EC01336150E0026272B /* InfoPlist.strings */ = {
			isa = PBXVariantGroup;
			children = (
				62AE7EC11336150E0026272B /* en */,
			);
			name = InfoPlist.strings;
			sourceTree = "<group>";
		};
/* End PBXVariantGroup section */

/* Begin XCBuildConfiguration section */
		62AE7EA91336144F0026272B /* Debug */ = {
			isa = XCBuildConfiguration;
			buildSettings = {
				ARCHS = "$(ARCHS_STANDARD_32_BIT)";
				"CODE_SIGN_IDENTITY[sdk=iphoneos*]" = "iPhone Developer";
				GCC_C_LANGUAGE_STANDARD = gnu99;
				GCC_OPTIMIZATION_LEVEL = 0;
				GCC_PREPROCESSOR_DEFINITIONS = DEBUG;
				GCC_SYMBOLS_PRIVATE_EXTERN = NO;
				GCC_VERSION = com.apple.compilers.llvmgcc42;
				GCC_WARN_ABOUT_RETURN_TYPE = YES;
				GCC_WARN_UNUSED_VARIABLE = YES;
				IPHONEOS_DEPLOYMENT_TARGET = 4.3;
				SDKROOT = iphoneos;
			};
			name = Debug;
		};
		62AE7EAA1336144F0026272B /* Release */ = {
			isa = XCBuildConfiguration;
			buildSettings = {
				ARCHS = "$(ARCHS_STANDARD_32_BIT)";
				"CODE_SIGN_IDENTITY[sdk=iphoneos*]" = "iPhone Developer";
				GCC_C_LANGUAGE_STANDARD = gnu99;
				GCC_VERSION = com.apple.compilers.llvmgcc42;
				GCC_WARN_ABOUT_RETURN_TYPE = YES;
				GCC_WARN_UNUSED_VARIABLE = YES;
				IPHONEOS_DEPLOYMENT_TARGET = 4.3;
				OTHER_CFLAGS = "-DNS_BLOCK_ASSERTIONS=1";
				SDKROOT = iphoneos;
			};
			name = Release;
		};
		62AE7EAC1336144F0026272B /* Debug */ = {
			isa = XCBuildConfiguration;
			buildSettings = {
				ALWAYS_SEARCH_USER_PATHS = NO;
				COPY_PHASE_STRIP = NO;
				GCC_DYNAMIC_NO_PIC = NO;
				GCC_PRECOMPILE_PREFIX_HEADER = YES;
				GCC_PREFIX_HEADER = "Neighbors-iOS/Neighbors-iOS-Prefix.pch";
				INFOPLIST_FILE = "Neighbors-iOS/Neighbors-iOS-Info.plist";
				PRODUCT_NAME = "$(TARGET_NAME)";
				WRAPPER_EXTENSION = app;
			};
			name = Debug;
		};
		62AE7EAD1336144F0026272B /* Release */ = {
			isa = XCBuildConfiguration;
			buildSettings = {
				ALWAYS_SEARCH_USER_PATHS = NO;
				COPY_PHASE_STRIP = YES;
				GCC_PRECOMPILE_PREFIX_HEADER = YES;
				GCC_PREFIX_HEADER = "Neighbors-iOS/Neighbors-iOS-Prefix.pch";
				INFOPLIST_FILE = "Neighbors-iOS/Neighbors-iOS-Info.plist";
				PRODUCT_NAME = "$(TARGET_NAME)";
				VALIDATE_PRODUCT = YES;
				WRAPPER_EXTENSION = app;
			};
			name = Release;
		};
		62AE7EAF1336144F0026272B /* Debug */ = {
			isa = XCBuildConfiguration;
			buildSettings = {
				ALWAYS_SEARCH_USER_PATHS = NO;
				BUNDLE_LOADER = "$(BUILT_PRODUCTS_DIR)/Neighbors-iOS.app/Neighbors-iOS";
				FRAMEWORK_SEARCH_PATHS = (
					"$(SDKROOT)/Developer/Library/Frameworks",
					"$(DEVELOPER_LIBRARY_DIR)/Frameworks",
				);
				GCC_PRECOMPILE_PREFIX_HEADER = YES;
				GCC_PREFIX_HEADER = "Neighbors-iOSTests/Neighbors-iOSTests-Prefix.pch";
				INFOPLIST_FILE = "Neighbors-iOSTests/Neighbors-iOSTests-Info.plist";
				OTHER_LDFLAGS = (
					"-framework",
					SenTestingKit,
				);
				PRODUCT_NAME = "$(TARGET_NAME)";
				TEST_HOST = "$(BUNDLE_LOADER)";
				WRAPPER_EXTENSION = octest;
			};
			name = Debug;
		};
		62AE7EB01336144F0026272B /* Release */ = {
			isa = XCBuildConfiguration;
			buildSettings = {
				ALWAYS_SEARCH_USER_PATHS = NO;
				BUNDLE_LOADER = "$(BUILT_PRODUCTS_DIR)/Neighbors-iOS.app/Neighbors-iOS";
				FRAMEWORK_SEARCH_PATHS = (
					"$(SDKROOT)/Developer/Library/Frameworks",
					"$(DEVELOPER_LIBRARY_DIR)/Frameworks",
				);
				GCC_PRECOMPILE_PREFIX_HEADER = YES;
				GCC_PREFIX_HEADER = "Neighbors-iOSTests/Neighbors-iOSTests-Prefix.pch";
				INFOPLIST_FILE = "Neighbors-iOSTests/Neighbors-iOSTests-Info.plist";
				OTHER_LDFLAGS = (
					"-framework",
					SenTestingKit,
				);
				PRODUCT_NAME = "$(TARGET_NAME)";
				TEST_HOST = "$(BUNDLE_LOADER)";
				WRAPPER_EXTENSION = octest;
			};
			name = Release;
		};
/* End XCBuildConfiguration section */

/* Begin XCConfigurationList section */
		62AE7E681336144E0026272B /* Build configuration list for PBXProject "Neighbors-iOS" */ = {
			isa = XCConfigurationList;
			buildConfigurations = (
				62AE7EA91336144F0026272B /* Debug */,
				62AE7EAA1336144F0026272B /* Release */,
			);
			defaultConfigurationIsVisible = 0;
			defaultConfigurationName = Release;
		};
		62AE7EAB1336144F0026272B /* Build configuration list for PBXNativeTarget "Neighbors-iOS" */ = {
			isa = XCConfigurationList;
			buildConfigurations = (
				62AE7EAC1336144F0026272B /* Debug */,
				62AE7EAD1336144F0026272B /* Release */,
			);
			defaultConfigurationIsVisible = 0;
			defaultConfigurationName = Release;
		};
		62AE7EAE1336144F0026272B /* Build configuration list for PBXNativeTarget "Neighbors-iOSTests" */ = {
			isa = XCConfigurationList;
			buildConfigurations = (
				62AE7EAF1336144F0026272B /* Debug */,
				62AE7EB01336144F0026272B /* Release */,
			);
			defaultConfigurationIsVisible = 0;
			defaultConfigurationName = Release;
		};
/* End XCConfigurationList section */
	};
	rootObject = 62AE7E651336144E0026272B /* Project object */;
}
